
Microsoft Visual Studio Solution File, Format Version 12.00
# Visual Studio Version 17
VisualStudioVersion = 17.13.35818.85 d17.13
MinimumVisualStudioVersion = 10.0.40219.1
Project("{FAE04EC0-301F-11D3-BF4B-00C04F79EFBC}") = "test revision", "test revision\test revision.csproj", "{166EF7DB-FD2E-47BE-B6A8-52641BE4ECA1}"
EndProject
Global
	GlobalSection(SolutionConfigurationPlatforms) = preSolution
		Debug|Any CPU = Debug|Any CPU
		Release|Any CPU = Release|Any CPU
	EndGlobalSection
	GlobalSection(ProjectConfigurationPlatforms) = postSolution
		{166EF7DB-FD2E-47BE-B6A8-52641BE4ECA1}.Debug|Any CPU.ActiveCfg = Debug|Any CPU
		{166EF7DB-FD2E-47BE-B6A8-52641BE4ECA1}.Debug|Any CPU.Build.0 = Debug|Any CPU
		{166EF7DB-FD2E-47BE-B6A8-52641BE4ECA1}.Release|Any CPU.ActiveCfg = Release|Any CPU
		{166EF7DB-FD2E-47BE-B6A8-52641BE4ECA1}.Release|Any CPU.Build.0 = Release|Any CPU
	EndGlobalSection
	GlobalSection(SolutionProperties) = preSolution
		HideSolutionNode = FALSE
	EndGlobalSection
	GlobalSection(ExtensibilityGlobals) = postSolution
		SolutionGuid = {F01D58F1-A6B9-4427-8894-BB669E309789}
	EndGlobalSection
EndGlobal
