
Microsoft Visual Studio Solution File, Format Version 12.00
# Visual Studio Version 17
VisualStudioVersion = 17.13.35818.85 d17.13
MinimumVisualStudioVersion = 10.0.40219.1
Project("{FAE04EC0-301F-11D3-BF4B-00C04F79EFBC}") = "e-commerce Task ModelBinding", "e-commerce Task ModelBinding\e-commerce Task ModelBinding.csproj", "{2B5AF5F9-66FE-4AEA-A9DE-DF6DB6430391}"
EndProject
Global
	GlobalSection(SolutionConfigurationPlatforms) = preSolution
		Debug|Any CPU = Debug|Any CPU
		Release|Any CPU = Release|Any CPU
	EndGlobalSection
	GlobalSection(ProjectConfigurationPlatforms) = postSolution
		{2B5AF5F9-66FE-4AEA-A9DE-DF6DB6430391}.Debug|Any CPU.ActiveCfg = Debug|Any CPU
		{2B5AF5F9-66FE-4AEA-A9DE-DF6DB6430391}.Debug|Any CPU.Build.0 = Debug|Any CPU
		{2B5AF5F9-66FE-4AEA-A9DE-DF6DB6430391}.Release|Any CPU.ActiveCfg = Release|Any CPU
		{2B5AF5F9-66FE-4AEA-A9DE-DF6DB6430391}.Release|Any CPU.Build.0 = Release|Any CPU
	EndGlobalSection
	GlobalSection(SolutionProperties) = preSolution
		HideSolutionNode = FALSE
	EndGlobalSection
	GlobalSection(ExtensibilityGlobals) = postSolution
		SolutionGuid = {CD5995C2-843E-47BB-9CFC-00CFF8FA5EA1}
	EndGlobalSection
EndGlobal
