
Microsoft Visual Studio Solution File, Format Version 12.00
# Visual Studio Version 17
VisualStudioVersion = 17.13.35818.85 d17.13
MinimumVisualStudioVersion = 10.0.40219.1
Project("{FAE04EC0-301F-11D3-BF4B-00C04F79EFBC}") = "Section 2 Harsha", "Section 2 Harsha\Section 2 Harsha.csproj", "{EB03E382-7883-461D-AA6C-98A26845DAFA}"
EndProject
Global
	GlobalSection(SolutionConfigurationPlatforms) = preSolution
		Debug|Any CPU = Debug|Any CPU
		Release|Any CPU = Release|Any CPU
	EndGlobalSection
	GlobalSection(ProjectConfigurationPlatforms) = postSolution
		{EB03E382-7883-461D-AA6C-98A26845DAFA}.Debug|Any CPU.ActiveCfg = Debug|Any CPU
		{EB03E382-7883-461D-AA6C-98A26845DAFA}.Debug|Any CPU.Build.0 = Debug|Any CPU
		{EB03E382-7883-461D-AA6C-98A26845DAFA}.Release|Any CPU.ActiveCfg = Release|Any CPU
		{EB03E382-7883-461D-AA6C-98A26845DAFA}.Release|Any CPU.Build.0 = Release|Any CPU
	EndGlobalSection
	GlobalSection(SolutionProperties) = preSolution
		HideSolutionNode = FALSE
	EndGlobalSection
	GlobalSection(ExtensibilityGlobals) = postSolution
		SolutionGuid = {BF782663-84CB-40E5-B4EB-EB40DB56A618}
	EndGlobalSection
EndGlobal
