
Microsoft Visual Studio Solution File, Format Version 12.00
# Visual Studio Version 17
VisualStudioVersion = 17.13.35818.85
MinimumVisualStudioVersion = 10.0.40219.1
Project("{FAE04EC0-301F-11D3-BF4B-00C04F79EFBC}") = "CreatingViewComponent", "Creating ViewComponent\CreatingViewComponent.csproj", "{B94D82E4-7624-45E5-8D40-9B971D89B1DE}"
EndProject
Global
	GlobalSection(SolutionConfigurationPlatforms) = preSolution
		Debug|Any CPU = Debug|Any CPU
		Release|Any CPU = Release|Any CPU
	EndGlobalSection
	GlobalSection(ProjectConfigurationPlatforms) = postSolution
		{B94D82E4-7624-45E5-8D40-9B971D89B1DE}.Debug|Any CPU.ActiveCfg = Debug|Any CPU
		{B94D82E4-7624-45E5-8D40-9B971D89B1DE}.Debug|Any CPU.Build.0 = Debug|Any CPU
		{B94D82E4-7624-45E5-8D40-9B971D89B1DE}.Release|Any CPU.ActiveCfg = Release|Any CPU
		{B94D82E4-7624-45E5-8D40-9B971D89B1DE}.Release|Any CPU.Build.0 = Release|Any CPU
	EndGlobalSection
	GlobalSection(SolutionProperties) = preSolution
		HideSolutionNode = FALSE
	EndGlobalSection
	GlobalSection(ExtensibilityGlobals) = postSolution
		SolutionGuid = {05FFC49D-0DC8-40A5-BDD1-B129CFB8A3B2}
	EndGlobalSection
EndGlobal
