
Microsoft Visual Studio Solution File, Format Version 12.00
# Visual Studio Version 17
VisualStudioVersion = 17.13.35818.85 d17.13
MinimumVisualStudioVersion = 10.0.40219.1
Project("{FAE04EC0-301F-11D3-BF4B-00C04F79EFBC}") = "input formatters", "input formatters\input formatters.csproj", "{7D03BC5E-7AAF-4BF9-BB1E-31DF4F28E0D4}"
EndProject
Global
	GlobalSection(SolutionConfigurationPlatforms) = preSolution
		Debug|Any CPU = Debug|Any CPU
		Release|Any CPU = Release|Any CPU
	EndGlobalSection
	GlobalSection(ProjectConfigurationPlatforms) = postSolution
		{7D03BC5E-7AAF-4BF9-BB1E-31DF4F28E0D4}.Debug|Any CPU.ActiveCfg = Debug|Any CPU
		{7D03BC5E-7AAF-4BF9-BB1E-31DF4F28E0D4}.Debug|Any CPU.Build.0 = Debug|Any CPU
		{7D03BC5E-7AAF-4BF9-BB1E-31DF4F28E0D4}.Release|Any CPU.ActiveCfg = Release|Any CPU
		{7D03BC5E-7AAF-4BF9-BB1E-31DF4F28E0D4}.Release|Any CPU.Build.0 = Release|Any CPU
	EndGlobalSection
	GlobalSection(SolutionProperties) = preSolution
		HideSolutionNode = FALSE
	EndGlobalSection
	GlobalSection(ExtensibilityGlobals) = postSolution
		SolutionGuid = {80050F6D-2F3B-419D-8269-76394D4D2536}
	EndGlobalSection
EndGlobal
