
Microsoft Visual Studio Solution File, Format Version 12.00
# Visual Studio Version 17
VisualStudioVersion = 17.13.35818.85 d17.13
MinimumVisualStudioVersion = 10.0.40219.1
Project("{FAE04EC0-301F-11D3-BF4B-00C04F79EFBC}") = "Content Result", "Content Result\Content Result.csproj", "{B57B9BB4-AE2B-4647-9E11-658CBE221536}"
EndProject
Global
	GlobalSection(SolutionConfigurationPlatforms) = preSolution
		Debug|Any CPU = Debug|Any CPU
		Release|Any CPU = Release|Any CPU
	EndGlobalSection
	GlobalSection(ProjectConfigurationPlatforms) = postSolution
		{B57B9BB4-AE2B-4647-9E11-658CBE221536}.Debug|Any CPU.ActiveCfg = Debug|Any CPU
		{B57B9BB4-AE2B-4647-9E11-658CBE221536}.Debug|Any CPU.Build.0 = Debug|Any CPU
		{B57B9BB4-AE2B-4647-9E11-658CBE221536}.Release|Any CPU.ActiveCfg = Release|Any CPU
		{B57B9BB4-AE2B-4647-9E11-658CBE221536}.Release|Any CPU.Build.0 = Release|Any CPU
	EndGlobalSection
	GlobalSection(SolutionProperties) = preSolution
		HideSolutionNode = FALSE
	EndGlobalSection
	GlobalSection(ExtensibilityGlobals) = postSolution
		SolutionGuid = {FE4B3F6A-C139-431B-8583-B61FCA6C44B2}
	EndGlobalSection
EndGlobal
