
Microsoft Visual Studio Solution File, Format Version 12.00
# Visual Studio Version 17
VisualStudioVersion = 17.13.35818.85 d17.13
MinimumVisualStudioVersion = 10.0.40219.1
Project("{FAE04EC0-301F-11D3-BF4B-00C04F79EFBC}") = "CustomValidation", "CustomValidation\CustomValidation.csproj", "{4EBD26B6-018D-4EF2-A6C7-A7189BA4C0BB}"
EndProject
Global
	GlobalSection(SolutionConfigurationPlatforms) = preSolution
		Debug|Any CPU = Debug|Any CPU
		Release|Any CPU = Release|Any CPU
	EndGlobalSection
	GlobalSection(ProjectConfigurationPlatforms) = postSolution
		{4EBD26B6-018D-4EF2-A6C7-A7189BA4C0BB}.Debug|Any CPU.ActiveCfg = Debug|Any CPU
		{4EBD26B6-018D-4EF2-A6C7-A7189BA4C0BB}.Debug|Any CPU.Build.0 = Debug|Any CPU
		{4EBD26B6-018D-4EF2-A6C7-A7189BA4C0BB}.Release|Any CPU.ActiveCfg = Release|Any CPU
		{4EBD26B6-018D-4EF2-A6C7-A7189BA4C0BB}.Release|Any CPU.Build.0 = Release|Any CPU
	EndGlobalSection
	GlobalSection(SolutionProperties) = preSolution
		HideSolutionNode = FALSE
	EndGlobalSection
	GlobalSection(ExtensibilityGlobals) = postSolution
		SolutionGuid = {2B2D3CA3-4E09-41D4-BF48-0A361266C9C2}
	EndGlobalSection
EndGlobal
